
Microsoft Visual Studio Solution File, Format Version 12.00
# Visual Studio Version 17
VisualStudioVersion = 17.1.32210.238
MinimumVisualStudioVersion = 10.0.40219.1
Project("{FAE04EC0-301F-11D3-BF4B-00C04F79EFBC}") = "SquareAndCube", "SquareAndCube\SquareAndCube.csproj", "{8F6C8D0E-AFEA-4065-8105-4E5DF1DD05AF}"
EndProject
Global
	GlobalSection(SolutionConfigurationPlatforms) = preSolution
		Debug|Any CPU = Debug|Any CPU
		Release|Any CPU = Release|Any CPU
	EndGlobalSection
	GlobalSection(ProjectConfigurationPlatforms) = postSolution
		{8F6C8D0E-AFEA-4065-8105-4E5DF1DD05AF}.Debug|Any CPU.ActiveCfg = Debug|Any CPU
		{8F6C8D0E-AFEA-4065-8105-4E5DF1DD05AF}.Debug|Any CPU.Build.0 = Debug|Any CPU
		{8F6C8D0E-AFEA-4065-8105-4E5DF1DD05AF}.Release|Any CPU.ActiveCfg = Release|Any CPU
		{8F6C8D0E-AFEA-4065-8105-4E5DF1DD05AF}.Release|Any CPU.Build.0 = Release|Any CPU
	EndGlobalSection
	GlobalSection(SolutionProperties) = preSolution
		HideSolutionNode = FALSE
	EndGlobalSection
	GlobalSection(ExtensibilityGlobals) = postSolution
		SolutionGuid = {225F2054-FB66-43F6-A903-1ABDCEBA5F94}
	EndGlobalSection
EndGlobal
