
Microsoft Visual Studio Solution File, Format Version 12.00
# Visual Studio Version 17
VisualStudioVersion = 17.1.32210.238
MinimumVisualStudioVersion = 10.0.40219.1
Project("{FAE04EC0-301F-11D3-BF4B-00C04F79EFBC}") = "SumIntNumbers", "SumIntNumbers\SumIntNumbers.csproj", "{5332E8AD-AB84-4EBD-AE91-D83E77C49BE4}"
EndProject
Global
	GlobalSection(SolutionConfigurationPlatforms) = preSolution
		Debug|Any CPU = Debug|Any CPU
		Release|Any CPU = Release|Any CPU
	EndGlobalSection
	GlobalSection(ProjectConfigurationPlatforms) = postSolution
		{5332E8AD-AB84-4EBD-AE91-D83E77C49BE4}.Debug|Any CPU.ActiveCfg = Debug|Any CPU
		{5332E8AD-AB84-4EBD-AE91-D83E77C49BE4}.Debug|Any CPU.Build.0 = Debug|Any CPU
		{5332E8AD-AB84-4EBD-AE91-D83E77C49BE4}.Release|Any CPU.ActiveCfg = Release|Any CPU
		{5332E8AD-AB84-4EBD-AE91-D83E77C49BE4}.Release|Any CPU.Build.0 = Release|Any CPU
	EndGlobalSection
	GlobalSection(SolutionProperties) = preSolution
		HideSolutionNode = FALSE
	EndGlobalSection
	GlobalSection(ExtensibilityGlobals) = postSolution
		SolutionGuid = {A4EDDFB6-9B6F-4A38-84A0-9C4FF703AF53}
	EndGlobalSection
EndGlobal
