
Microsoft Visual Studio Solution File, Format Version 12.00
# Visual Studio Version 17
VisualStudioVersion = 17.1.32210.238
MinimumVisualStudioVersion = 10.0.40219.1
Project("{FAE04EC0-301F-11D3-BF4B-00C04F79EFBC}") = "LogicSequency", "LogicSequency\LogicSequency.csproj", "{07AAB933-8CF4-43C0-92F1-0916E1164B12}"
EndProject
Global
	GlobalSection(SolutionConfigurationPlatforms) = preSolution
		Debug|Any CPU = Debug|Any CPU
		Release|Any CPU = Release|Any CPU
	EndGlobalSection
	GlobalSection(ProjectConfigurationPlatforms) = postSolution
		{07AAB933-8CF4-43C0-92F1-0916E1164B12}.Debug|Any CPU.ActiveCfg = Debug|Any CPU
		{07AAB933-8CF4-43C0-92F1-0916E1164B12}.Debug|Any CPU.Build.0 = Debug|Any CPU
		{07AAB933-8CF4-43C0-92F1-0916E1164B12}.Release|Any CPU.ActiveCfg = Release|Any CPU
		{07AAB933-8CF4-43C0-92F1-0916E1164B12}.Release|Any CPU.Build.0 = Release|Any CPU
	EndGlobalSection
	GlobalSection(SolutionProperties) = preSolution
		HideSolutionNode = FALSE
	EndGlobalSection
	GlobalSection(ExtensibilityGlobals) = postSolution
		SolutionGuid = {0AD80C09-4339-4A69-88B1-00687FB9E946}
	EndGlobalSection
EndGlobal
