
Microsoft Visual Studio Solution File, Format Version 12.00
# Visual Studio Version 17
VisualStudioVersion = 17.1.32210.238
MinimumVisualStudioVersion = 10.0.40219.1
Project("{FAE04EC0-301F-11D3-BF4B-00C04F79EFBC}") = "Multiples", "Multiples\Multiples.csproj", "{5128123C-94F3-40C9-BB9E-1016CB43ACDD}"
EndProject
Global
	GlobalSection(SolutionConfigurationPlatforms) = preSolution
		Debug|Any CPU = Debug|Any CPU
		Release|Any CPU = Release|Any CPU
	EndGlobalSection
	GlobalSection(ProjectConfigurationPlatforms) = postSolution
		{5128123C-94F3-40C9-BB9E-1016CB43ACDD}.Debug|Any CPU.ActiveCfg = Debug|Any CPU
		{5128123C-94F3-40C9-BB9E-1016CB43ACDD}.Debug|Any CPU.Build.0 = Debug|Any CPU
		{5128123C-94F3-40C9-BB9E-1016CB43ACDD}.Release|Any CPU.ActiveCfg = Release|Any CPU
		{5128123C-94F3-40C9-BB9E-1016CB43ACDD}.Release|Any CPU.Build.0 = Release|Any CPU
	EndGlobalSection
	GlobalSection(SolutionProperties) = preSolution
		HideSolutionNode = FALSE
	EndGlobalSection
	GlobalSection(ExtensibilityGlobals) = postSolution
		SolutionGuid = {D06E5000-4231-40CE-94CF-29A7052A70EA}
	EndGlobalSection
EndGlobal
