
Microsoft Visual Studio Solution File, Format Version 12.00
# Visual Studio Version 17
VisualStudioVersion = 17.1.32210.238
MinimumVisualStudioVersion = 10.0.40219.1
Project("{FAE04EC0-301F-11D3-BF4B-00C04F79EFBC}") = "Factorial", "Factorial\Factorial.csproj", "{7365EA0E-5F08-4B3D-8032-D5516E385D9A}"
EndProject
Global
	GlobalSection(SolutionConfigurationPlatforms) = preSolution
		Debug|Any CPU = Debug|Any CPU
		Release|Any CPU = Release|Any CPU
	EndGlobalSection
	GlobalSection(ProjectConfigurationPlatforms) = postSolution
		{7365EA0E-5F08-4B3D-8032-D5516E385D9A}.Debug|Any CPU.ActiveCfg = Debug|Any CPU
		{7365EA0E-5F08-4B3D-8032-D5516E385D9A}.Debug|Any CPU.Build.0 = Debug|Any CPU
		{7365EA0E-5F08-4B3D-8032-D5516E385D9A}.Release|Any CPU.ActiveCfg = Release|Any CPU
		{7365EA0E-5F08-4B3D-8032-D5516E385D9A}.Release|Any CPU.Build.0 = Release|Any CPU
	EndGlobalSection
	GlobalSection(SolutionProperties) = preSolution
		HideSolutionNode = FALSE
	EndGlobalSection
	GlobalSection(ExtensibilityGlobals) = postSolution
		SolutionGuid = {23228142-F115-4AE6-A5FF-C3A10097191B}
	EndGlobalSection
EndGlobal
