
Microsoft Visual Studio Solution File, Format Version 12.00
# Visual Studio Version 17
VisualStudioVersion = 17.1.32210.238
MinimumVisualStudioVersion = 10.0.40219.1
Project("{FAE04EC0-301F-11D3-BF4B-00C04F79EFBC}") = "SequencyNumberAndSum", "SequencyNumberAndSum\SequencyNumberAndSum.csproj", "{670DDBE2-151C-4FE9-9642-0A1403D88772}"
EndProject
Global
	GlobalSection(SolutionConfigurationPlatforms) = preSolution
		Debug|Any CPU = Debug|Any CPU
		Release|Any CPU = Release|Any CPU
	EndGlobalSection
	GlobalSection(ProjectConfigurationPlatforms) = postSolution
		{670DDBE2-151C-4FE9-9642-0A1403D88772}.Debug|Any CPU.ActiveCfg = Debug|Any CPU
		{670DDBE2-151C-4FE9-9642-0A1403D88772}.Debug|Any CPU.Build.0 = Debug|Any CPU
		{670DDBE2-151C-4FE9-9642-0A1403D88772}.Release|Any CPU.ActiveCfg = Release|Any CPU
		{670DDBE2-151C-4FE9-9642-0A1403D88772}.Release|Any CPU.Build.0 = Release|Any CPU
	EndGlobalSection
	GlobalSection(SolutionProperties) = preSolution
		HideSolutionNode = FALSE
	EndGlobalSection
	GlobalSection(ExtensibilityGlobals) = postSolution
		SolutionGuid = {B904DE89-31BB-48EA-8A05-04C9927C4ECD}
	EndGlobalSection
EndGlobal
