
Microsoft Visual Studio Solution File, Format Version 12.00
# Visual Studio Version 17
VisualStudioVersion = 17.1.32210.238
MinimumVisualStudioVersion = 10.0.40219.1
Project("{FAE04EC0-301F-11D3-BF4B-00C04F79EFBC}") = "SelectionTest", "SelectionTest\SelectionTest.csproj", "{2652C649-56EE-4C40-8D2E-E1EA59926FFF}"
EndProject
Global
	GlobalSection(SolutionConfigurationPlatforms) = preSolution
		Debug|Any CPU = Debug|Any CPU
		Release|Any CPU = Release|Any CPU
	EndGlobalSection
	GlobalSection(ProjectConfigurationPlatforms) = postSolution
		{2652C649-56EE-4C40-8D2E-E1EA59926FFF}.Debug|Any CPU.ActiveCfg = Debug|Any CPU
		{2652C649-56EE-4C40-8D2E-E1EA59926FFF}.Debug|Any CPU.Build.0 = Debug|Any CPU
		{2652C649-56EE-4C40-8D2E-E1EA59926FFF}.Release|Any CPU.ActiveCfg = Release|Any CPU
		{2652C649-56EE-4C40-8D2E-E1EA59926FFF}.Release|Any CPU.Build.0 = Release|Any CPU
	EndGlobalSection
	GlobalSection(SolutionProperties) = preSolution
		HideSolutionNode = FALSE
	EndGlobalSection
	GlobalSection(ExtensibilityGlobals) = postSolution
		SolutionGuid = {748A5F6C-0D1C-42F8-87AF-651D67BAAA1E}
	EndGlobalSection
EndGlobal
