
Microsoft Visual Studio Solution File, Format Version 12.00
# Visual Studio Version 17
VisualStudioVersion = 17.1.32210.238
MinimumVisualStudioVersion = 10.0.40219.1
Project("{FAE04EC0-301F-11D3-BF4B-00C04F79EFBC}") = "Average1", "Average1\Average1.csproj", "{46EC941C-98FF-4A03-B438-986C4C7BB0FF}"
EndProject
Global
	GlobalSection(SolutionConfigurationPlatforms) = preSolution
		Debug|Any CPU = Debug|Any CPU
		Release|Any CPU = Release|Any CPU
	EndGlobalSection
	GlobalSection(ProjectConfigurationPlatforms) = postSolution
		{46EC941C-98FF-4A03-B438-986C4C7BB0FF}.Debug|Any CPU.ActiveCfg = Debug|Any CPU
		{46EC941C-98FF-4A03-B438-986C4C7BB0FF}.Debug|Any CPU.Build.0 = Debug|Any CPU
		{46EC941C-98FF-4A03-B438-986C4C7BB0FF}.Release|Any CPU.ActiveCfg = Release|Any CPU
		{46EC941C-98FF-4A03-B438-986C4C7BB0FF}.Release|Any CPU.Build.0 = Release|Any CPU
	EndGlobalSection
	GlobalSection(SolutionProperties) = preSolution
		HideSolutionNode = FALSE
	EndGlobalSection
	GlobalSection(ExtensibilityGlobals) = postSolution
		SolutionGuid = {6BE50625-DF1A-4C72-8271-2D71281623C5}
	EndGlobalSection
EndGlobal
